
Microsoft Visual Studio Solution File, Format Version 12.00
# Visual Studio Version 16
VisualStudioVersion = 16.0.30204.135
MinimumVisualStudioVersion = 10.0.40219.1
Project("{FAE04EC0-301F-11D3-BF4B-00C04F79EFBC}") = "NegativeEncoder", "NegativeEncoder\NegativeEncoder.csproj", "{F4B7B767-B11F-4F61-BCAC-B95378ADED8D}"
EndProject
Global
	GlobalSection(SolutionConfigurationPlatforms) = preSolution
		Debug|Any CPU = Debug|Any CPU
		Release|Any CPU = Release|Any CPU
	EndGlobalSection
	GlobalSection(ProjectConfigurationPlatforms) = postSolution
		{F4B7B767-B11F-4F61-BCAC-B95378ADED8D}.Debug|Any CPU.ActiveCfg = Debug|Any CPU
		{F4B7B767-B11F-4F61-BCAC-B95378ADED8D}.Debug|Any CPU.Build.0 = Debug|Any CPU
		{F4B7B767-B11F-4F61-BCAC-B95378ADED8D}.Release|Any CPU.ActiveCfg = Release|Any CPU
		{F4B7B767-B11F-4F61-BCAC-B95378ADED8D}.Release|Any CPU.Build.0 = Release|Any CPU
	EndGlobalSection
	GlobalSection(SolutionProperties) = preSolution
		HideSolutionNode = FALSE
	EndGlobalSection
	GlobalSection(ExtensibilityGlobals) = postSolution
		SolutionGuid = {714AA5FE-44A5-494B-A6A4-3018A926A5BB}
	EndGlobalSection
EndGlobal
