
Microsoft Visual Studio Solution File, Format Version 12.00
# Visual Studio 15
VisualStudioVersion = 15.0.26730.15
MinimumVisualStudioVersion = 10.0.40219.1
Project("{FAE04EC0-301F-11D3-BF4B-00C04F79EFBC}") = "NegativeEncoder", "NegativeEncoder\NegativeEncoder.csproj", "{2ABA2F40-9418-46AC-B1C5-D01D11098F7E}"
EndProject
Global
	GlobalSection(SolutionConfigurationPlatforms) = preSolution
		Debug|Any CPU = Debug|Any CPU
		Release|Any CPU = Release|Any CPU
	EndGlobalSection
	GlobalSection(ProjectConfigurationPlatforms) = postSolution
		{2ABA2F40-9418-46AC-B1C5-D01D11098F7E}.Debug|Any CPU.ActiveCfg = Debug|Any CPU
		{2ABA2F40-9418-46AC-B1C5-D01D11098F7E}.Debug|Any CPU.Build.0 = Debug|Any CPU
		{2ABA2F40-9418-46AC-B1C5-D01D11098F7E}.Release|Any CPU.ActiveCfg = Release|Any CPU
		{2ABA2F40-9418-46AC-B1C5-D01D11098F7E}.Release|Any CPU.Build.0 = Release|Any CPU
	EndGlobalSection
	GlobalSection(SolutionProperties) = preSolution
		HideSolutionNode = FALSE
	EndGlobalSection
	GlobalSection(ExtensibilityGlobals) = postSolution
		SolutionGuid = {01ACA388-875C-4861-81A4-217D489321C5}
	EndGlobalSection
EndGlobal
